
Microsoft Visual Studio Solution File, Format Version 12.00
# Visual Studio 15
VisualStudioVersion = 15.0.28010.0
MinimumVisualStudioVersion = 10.0.40219.1
Project("{888888A0-9F3D-457C-B088-3A5042F75D52}") = "extractionPy", "extractionPy\extractionPy.pyproj", "{E30A2396-C81D-4511-BFCC-37120D229792}"
EndProject
Global
	GlobalSection(SolutionConfigurationPlatforms) = preSolution
		Debug|Any CPU = Debug|Any CPU
		Release|Any CPU = Release|Any CPU
	EndGlobalSection
	GlobalSection(ProjectConfigurationPlatforms) = postSolution
		{E30A2396-C81D-4511-BFCC-37120D229792}.Debug|Any CPU.ActiveCfg = Debug|Any CPU
		{E30A2396-C81D-4511-BFCC-37120D229792}.Release|Any CPU.ActiveCfg = Release|Any CPU
	EndGlobalSection
	GlobalSection(SolutionProperties) = preSolution
		HideSolutionNode = FALSE
	EndGlobalSection
	GlobalSection(ExtensibilityGlobals) = postSolution
		SolutionGuid = {82F484E8-3126-4E86-9425-F967783A5369}
	EndGlobalSection
EndGlobal
